// !$*UTF8*$!
{
	archiveVersion = 1;
	classes = {
	};
	objectVersion = 50;
	objects = {

/* Begin PBXBuildFile section */
		9564813423A123E3002A8010 /* AppDelegate.swift in Sources */ = {isa = PBXBuildFile; fileRef = 9564813323A123E3002A8010 /* AppDelegate.swift */; };
		9564813623A123E3002A8010 /* SceneDelegate.swift in Sources */ = {isa = PBXBuildFile; fileRef = 9564813523A123E3002A8010 /* SceneDelegate.swift */; };
		9564813823A123E3002A8010 /* ContentView.swift in Sources */ = {isa = PBXBuildFile; fileRef = 9564813723A123E3002A8010 /* ContentView.swift */; };
		9564813A23A123E4002A8010 /* Assets.xcassets in Resources */ = {isa = PBXBuildFile; fileRef = 9564813923A123E4002A8010 /* Assets.xcassets */; };
		9564813D23A123E4002A8010 /* Preview Assets.xcassets in Resources */ = {isa = PBXBuildFile; fileRef = 9564813C23A123E4002A8010 /* Preview Assets.xcassets */; };
		9564814023A123E4002A8010 /* LaunchScreen.storyboard in Resources */ = {isa = PBXBuildFile; fileRef = 9564813E23A123E4002A8010 /* LaunchScreen.storyboard */; };
		9564814923A12442002A8010 /* Example_NoAnimation.swift in Sources */ = {isa = PBXBuildFile; fileRef = 9564814823A12442002A8010 /* Example_NoAnimation.swift */; };
		9564814C23A124C8002A8010 /* Conventions.swift in Sources */ = {isa = PBXBuildFile; fileRef = 9564814B23A124C8002A8010 /* Conventions.swift */; };
		9564814F23A1254A002A8010 /* BannerText.swift in Sources */ = {isa = PBXBuildFile; fileRef = 9564814E23A1254A002A8010 /* BannerText.swift */; };
		9564815123A1263A002A8010 /* TitleText.swift in Sources */ = {isa = PBXBuildFile; fileRef = 9564815023A1263A002A8010 /* TitleText.swift */; };
		9564815323A12690002A8010 /* SubtitleText.swift in Sources */ = {isa = PBXBuildFile; fileRef = 9564815223A12690002A8010 /* SubtitleText.swift */; };
		9564815523A129D3002A8010 /* Example_WithAnimation.swift in Sources */ = {isa = PBXBuildFile; fileRef = 9564815423A129D3002A8010 /* Example_WithAnimation.swift */; };
		9564815723A12B84002A8010 /* CurveExamples.swift in Sources */ = {isa = PBXBuildFile; fileRef = 9564815623A12B84002A8010 /* CurveExamples.swift */; };
		9564815923A1340B002A8010 /* ChalengeRecreateAnimation.swift in Sources */ = {isa = PBXBuildFile; fileRef = 9564815823A1340B002A8010 /* ChalengeRecreateAnimation.swift */; };
		9564815B23A13BB9002A8010 /* ChalengeREcreateAnimation_2.swift in Sources */ = {isa = PBXBuildFile; fileRef = 9564815A23A13BB9002A8010 /* ChalengeREcreateAnimation_2.swift */; };
		9564815D23A13DDF002A8010 /* AnimatableProperties.swift in Sources */ = {isa = PBXBuildFile; fileRef = 9564815C23A13DDF002A8010 /* AnimatableProperties.swift */; };
		9564815F23A13FAE002A8010 /* Animate_HueRotation.swift in Sources */ = {isa = PBXBuildFile; fileRef = 9564815E23A13FAE002A8010 /* Animate_HueRotation.swift */; };
		9564816123A21DE3002A8010 /* Animated_Offset.swift in Sources */ = {isa = PBXBuildFile; fileRef = 9564816023A21DE3002A8010 /* Animated_Offset.swift */; };
		9564816323A22042002A8010 /* Animate_Opacity.swift in Sources */ = {isa = PBXBuildFile; fileRef = 9564816223A22042002A8010 /* Animate_Opacity.swift */; };
		9564816523A22357002A8010 /* Animate_RotationEffect.swift in Sources */ = {isa = PBXBuildFile; fileRef = 9564816423A22357002A8010 /* Animate_RotationEffect.swift */; };
		9564816723A227D5002A8010 /* Animate_RotationEffect_Anchor.swift in Sources */ = {isa = PBXBuildFile; fileRef = 9564816623A227D5002A8010 /* Animate_RotationEffect_Anchor.swift */; };
		9564816923A2344D002A8010 /* Animate_Size_Frame.swift in Sources */ = {isa = PBXBuildFile; fileRef = 9564816823A2344D002A8010 /* Animate_Size_Frame.swift */; };
		9564816B23A23620002A8010 /* Animate_Size_ScaleEffect.swift in Sources */ = {isa = PBXBuildFile; fileRef = 9564816A23A23620002A8010 /* Animate_Size_ScaleEffect.swift */; };
		9564816D23A2379B002A8010 /* Animate_ScaleEffect_Anchor.swift in Sources */ = {isa = PBXBuildFile; fileRef = 9564816C23A2379B002A8010 /* Animate_ScaleEffect_Anchor.swift */; };
		9564816F23A23A5C002A8010 /* Animate_RoundedCorners.swift in Sources */ = {isa = PBXBuildFile; fileRef = 9564816E23A23A5C002A8010 /* Animate_RoundedCorners.swift */; };
		9564817123A23BFE002A8010 /* Animate_TextSize.swift in Sources */ = {isa = PBXBuildFile; fileRef = 9564817023A23BFE002A8010 /* Animate_TextSize.swift */; };
		9564817323A2412C002A8010 /* Animate_TextSize_ScaleEffect.swift in Sources */ = {isa = PBXBuildFile; fileRef = 9564817223A2412C002A8010 /* Animate_TextSize_ScaleEffect.swift */; };
		9564817523A24380002A8010 /* Animate_TextSize_ScaleEffect_Solution.swift in Sources */ = {isa = PBXBuildFile; fileRef = 9564817423A24380002A8010 /* Animate_TextSize_ScaleEffect_Solution.swift */; };
		9564817723A2454A002A8010 /* Animate_Trim.swift in Sources */ = {isa = PBXBuildFile; fileRef = 9564817623A2454A002A8010 /* Animate_Trim.swift */; };
		9564817A23A248AD002A8010 /* PutItAllTogether.swift in Sources */ = {isa = PBXBuildFile; fileRef = 9564817923A248AD002A8010 /* PutItAllTogether.swift */; };
		9564817C23A260A2002A8010 /* Exercise1_TheSetup.swift in Sources */ = {isa = PBXBuildFile; fileRef = 9564817B23A260A2002A8010 /* Exercise1_TheSetup.swift */; };
		9564817F23A27E9F002A8010 /* Challenge.swift in Sources */ = {isa = PBXBuildFile; fileRef = 9564817E23A27E9F002A8010 /* Challenge.swift */; };
		9564818123A28321002A8010 /* Challenge_2.swift in Sources */ = {isa = PBXBuildFile; fileRef = 9564818023A28321002A8010 /* Challenge_2.swift */; };
		9564818423A288B6002A8010 /* TriggerButton.swift in Sources */ = {isa = PBXBuildFile; fileRef = 9564818323A288B6002A8010 /* TriggerButton.swift */; };
		9564818623A37263002A8010 /* Trigger_SegmentedControl.swift in Sources */ = {isa = PBXBuildFile; fileRef = 9564818523A37263002A8010 /* Trigger_SegmentedControl.swift */; };
		9564818823A37863002A8010 /* Trigger_Slider.swift in Sources */ = {isa = PBXBuildFile; fileRef = 9564818723A37863002A8010 /* Trigger_Slider.swift */; };
/* End PBXBuildFile section */

/* Begin PBXFileReference section */
		9564813023A123E3002A8010 /* SwiftUIAnimationSamples.app */ = {isa = PBXFileReference; explicitFileType = wrapper.application; includeInIndex = 0; path = SwiftUIAnimationSamples.app; sourceTree = BUILT_PRODUCTS_DIR; };
		9564813323A123E3002A8010 /* AppDelegate.swift */ = {isa = PBXFileReference; lastKnownFileType = sourcecode.swift; path = AppDelegate.swift; sourceTree = "<group>"; };
		9564813523A123E3002A8010 /* SceneDelegate.swift */ = {isa = PBXFileReference; lastKnownFileType = sourcecode.swift; path = SceneDelegate.swift; sourceTree = "<group>"; };
		9564813723A123E3002A8010 /* ContentView.swift */ = {isa = PBXFileReference; lastKnownFileType = sourcecode.swift; path = ContentView.swift; sourceTree = "<group>"; };
		9564813923A123E4002A8010 /* Assets.xcassets */ = {isa = PBXFileReference; lastKnownFileType = folder.assetcatalog; path = Assets.xcassets; sourceTree = "<group>"; };
		9564813C23A123E4002A8010 /* Preview Assets.xcassets */ = {isa = PBXFileReference; lastKnownFileType = folder.assetcatalog; path = "Preview Assets.xcassets"; sourceTree = "<group>"; };
		9564813F23A123E4002A8010 /* Base */ = {isa = PBXFileReference; lastKnownFileType = file.storyboard; name = Base; path = Base.lproj/LaunchScreen.storyboard; sourceTree = "<group>"; };
		9564814123A123E4002A8010 /* Info.plist */ = {isa = PBXFileReference; lastKnownFileType = text.plist.xml; path = Info.plist; sourceTree = "<group>"; };
		9564814823A12442002A8010 /* Example_NoAnimation.swift */ = {isa = PBXFileReference; lastKnownFileType = sourcecode.swift; path = Example_NoAnimation.swift; sourceTree = "<group>"; };
		9564814B23A124C8002A8010 /* Conventions.swift */ = {isa = PBXFileReference; lastKnownFileType = sourcecode.swift; path = Conventions.swift; sourceTree = "<group>"; };
		9564814E23A1254A002A8010 /* BannerText.swift */ = {isa = PBXFileReference; lastKnownFileType = sourcecode.swift; path = BannerText.swift; sourceTree = "<group>"; };
		9564815023A1263A002A8010 /* TitleText.swift */ = {isa = PBXFileReference; lastKnownFileType = sourcecode.swift; path = TitleText.swift; sourceTree = "<group>"; };
		9564815223A12690002A8010 /* SubtitleText.swift */ = {isa = PBXFileReference; lastKnownFileType = sourcecode.swift; path = SubtitleText.swift; sourceTree = "<group>"; };
		9564815423A129D3002A8010 /* Example_WithAnimation.swift */ = {isa = PBXFileReference; lastKnownFileType = sourcecode.swift; path = Example_WithAnimation.swift; sourceTree = "<group>"; };
		9564815623A12B84002A8010 /* CurveExamples.swift */ = {isa = PBXFileReference; lastKnownFileType = sourcecode.swift; path = CurveExamples.swift; sourceTree = "<group>"; };
		9564815823A1340B002A8010 /* ChalengeRecreateAnimation.swift */ = {isa = PBXFileReference; lastKnownFileType = sourcecode.swift; path = ChalengeRecreateAnimation.swift; sourceTree = "<group>"; };
		9564815A23A13BB9002A8010 /* ChalengeREcreateAnimation_2.swift */ = {isa = PBXFileReference; lastKnownFileType = sourcecode.swift; path = ChalengeREcreateAnimation_2.swift; sourceTree = "<group>"; };
		9564815C23A13DDF002A8010 /* AnimatableProperties.swift */ = {isa = PBXFileReference; lastKnownFileType = sourcecode.swift; path = AnimatableProperties.swift; sourceTree = "<group>"; };
		9564815E23A13FAE002A8010 /* Animate_HueRotation.swift */ = {isa = PBXFileReference; lastKnownFileType = sourcecode.swift; path = Animate_HueRotation.swift; sourceTree = "<group>"; };
		9564816023A21DE3002A8010 /* Animated_Offset.swift */ = {isa = PBXFileReference; lastKnownFileType = sourcecode.swift; path = Animated_Offset.swift; sourceTree = "<group>"; };
		9564816223A22042002A8010 /* Animate_Opacity.swift */ = {isa = PBXFileReference; lastKnownFileType = sourcecode.swift; path = Animate_Opacity.swift; sourceTree = "<group>"; };
		9564816423A22357002A8010 /* Animate_RotationEffect.swift */ = {isa = PBXFileReference; lastKnownFileType = sourcecode.swift; path = Animate_RotationEffect.swift; sourceTree = "<group>"; };
		9564816623A227D5002A8010 /* Animate_RotationEffect_Anchor.swift */ = {isa = PBXFileReference; lastKnownFileType = sourcecode.swift; path = Animate_RotationEffect_Anchor.swift; sourceTree = "<group>"; };
		9564816823A2344D002A8010 /* Animate_Size_Frame.swift */ = {isa = PBXFileReference; lastKnownFileType = sourcecode.swift; path = Animate_Size_Frame.swift; sourceTree = "<group>"; };
		9564816A23A23620002A8010 /* Animate_Size_ScaleEffect.swift */ = {isa = PBXFileReference; lastKnownFileType = sourcecode.swift; path = Animate_Size_ScaleEffect.swift; sourceTree = "<group>"; };
		9564816C23A2379B002A8010 /* Animate_ScaleEffect_Anchor.swift */ = {isa = PBXFileReference; lastKnownFileType = sourcecode.swift; path = Animate_ScaleEffect_Anchor.swift; sourceTree = "<group>"; };
		9564816E23A23A5C002A8010 /* Animate_RoundedCorners.swift */ = {isa = PBXFileReference; lastKnownFileType = sourcecode.swift; path = Animate_RoundedCorners.swift; sourceTree = "<group>"; };
		9564817023A23BFE002A8010 /* Animate_TextSize.swift */ = {isa = PBXFileReference; lastKnownFileType = sourcecode.swift; path = Animate_TextSize.swift; sourceTree = "<group>"; };
		9564817223A2412C002A8010 /* Animate_TextSize_ScaleEffect.swift */ = {isa = PBXFileReference; lastKnownFileType = sourcecode.swift; path = Animate_TextSize_ScaleEffect.swift; sourceTree = "<group>"; };
		9564817423A24380002A8010 /* Animate_TextSize_ScaleEffect_Solution.swift */ = {isa = PBXFileReference; lastKnownFileType = sourcecode.swift; path = Animate_TextSize_ScaleEffect_Solution.swift; sourceTree = "<group>"; };
		9564817623A2454A002A8010 /* Animate_Trim.swift */ = {isa = PBXFileReference; lastKnownFileType = sourcecode.swift; path = Animate_Trim.swift; sourceTree = "<group>"; };
		9564817923A248AD002A8010 /* PutItAllTogether.swift */ = {isa = PBXFileReference; lastKnownFileType = sourcecode.swift; path = PutItAllTogether.swift; sourceTree = "<group>"; };
		9564817B23A260A2002A8010 /* Exercise1_TheSetup.swift */ = {isa = PBXFileReference; lastKnownFileType = sourcecode.swift; path = Exercise1_TheSetup.swift; sourceTree = "<group>"; };
		9564817E23A27E9F002A8010 /* Challenge.swift */ = {isa = PBXFileReference; lastKnownFileType = sourcecode.swift; path = Challenge.swift; sourceTree = "<group>"; };
		9564818023A28321002A8010 /* Challenge_2.swift */ = {isa = PBXFileReference; lastKnownFileType = sourcecode.swift; path = Challenge_2.swift; sourceTree = "<group>"; };
		9564818323A288B6002A8010 /* TriggerButton.swift */ = {isa = PBXFileReference; lastKnownFileType = sourcecode.swift; path = TriggerButton.swift; sourceTree = "<group>"; };
		9564818523A37263002A8010 /* Trigger_SegmentedControl.swift */ = {isa = PBXFileReference; lastKnownFileType = sourcecode.swift; path = Trigger_SegmentedControl.swift; sourceTree = "<group>"; };
		9564818723A37863002A8010 /* Trigger_Slider.swift */ = {isa = PBXFileReference; lastKnownFileType = sourcecode.swift; path = Trigger_Slider.swift; sourceTree = "<group>"; };
/* End PBXFileReference section */

/* Begin PBXFrameworksBuildPhase section */
		9564812D23A123E3002A8010 /* Frameworks */ = {
			isa = PBXFrameworksBuildPhase;
			buildActionMask = 2147483647;
			files = (
			);
			runOnlyForDeploymentPostprocessing = 0;
		};
/* End PBXFrameworksBuildPhase section */

/* Begin PBXGroup section */
		9564812723A123E3002A8010 = {
			isa = PBXGroup;
			children = (
				9564813223A123E3002A8010 /* SwiftUIAnimationSamples */,
				9564813123A123E3002A8010 /* Products */,
			);
			sourceTree = "<group>";
		};
		9564813123A123E3002A8010 /* Products */ = {
			isa = PBXGroup;
			children = (
				9564813023A123E3002A8010 /* SwiftUIAnimationSamples.app */,
			);
			name = Products;
			sourceTree = "<group>";
		};
		9564813223A123E3002A8010 /* SwiftUIAnimationSamples */ = {
			isa = PBXGroup;
			children = (
				9564818223A28898002A8010 /* AnimationTriggers */,
				9564814D23A12533002A8010 /* Utils */,
				9564814A23A124B4002A8010 /* Template */,
				9564814723A12403002A8010 /* SwiftUIAnimationSamples */,
				9564813323A123E3002A8010 /* AppDelegate.swift */,
				9564813523A123E3002A8010 /* SceneDelegate.swift */,
				9564813723A123E3002A8010 /* ContentView.swift */,
				9564813923A123E4002A8010 /* Assets.xcassets */,
				9564813E23A123E4002A8010 /* LaunchScreen.storyboard */,
				9564814123A123E4002A8010 /* Info.plist */,
				9564813B23A123E4002A8010 /* Preview Content */,
			);
			path = SwiftUIAnimationSamples;
			sourceTree = "<group>";
		};
		9564813B23A123E4002A8010 /* Preview Content */ = {
			isa = PBXGroup;
			children = (
				9564813C23A123E4002A8010 /* Preview Assets.xcassets */,
			);
			path = "Preview Content";
			sourceTree = "<group>";
		};
		9564814723A12403002A8010 /* SwiftUIAnimationSamples */ = {
			isa = PBXGroup;
			children = (
				9564817D23A27E81002A8010 /* Challenge */,
				9564817823A2477E002A8010 /* Exercise */,
				9564814823A12442002A8010 /* Example_NoAnimation.swift */,
				9564815423A129D3002A8010 /* Example_WithAnimation.swift */,
				9564815623A12B84002A8010 /* CurveExamples.swift */,
				9564815823A1340B002A8010 /* ChalengeRecreateAnimation.swift */,
				9564815A23A13BB9002A8010 /* ChalengeREcreateAnimation_2.swift */,
				9564815C23A13DDF002A8010 /* AnimatableProperties.swift */,
				9564815E23A13FAE002A8010 /* Animate_HueRotation.swift */,
				9564816023A21DE3002A8010 /* Animated_Offset.swift */,
				9564816223A22042002A8010 /* Animate_Opacity.swift */,
				9564816423A22357002A8010 /* Animate_RotationEffect.swift */,
				9564816623A227D5002A8010 /* Animate_RotationEffect_Anchor.swift */,
				9564816823A2344D002A8010 /* Animate_Size_Frame.swift */,
				9564816A23A23620002A8010 /* Animate_Size_ScaleEffect.swift */,
				9564816C23A2379B002A8010 /* Animate_ScaleEffect_Anchor.swift */,
				9564816E23A23A5C002A8010 /* Animate_RoundedCorners.swift */,
				9564817023A23BFE002A8010 /* Animate_TextSize.swift */,
				9564817223A2412C002A8010 /* Animate_TextSize_ScaleEffect.swift */,
				9564817423A24380002A8010 /* Animate_TextSize_ScaleEffect_Solution.swift */,
				9564817623A2454A002A8010 /* Animate_Trim.swift */,
			);
			path = SwiftUIAnimationSamples;
			sourceTree = "<group>";
		};
		9564814A23A124B4002A8010 /* Template */ = {
			isa = PBXGroup;
			children = (
				9564814B23A124C8002A8010 /* Conventions.swift */,
			);
			path = Template;
			sourceTree = "<group>";
		};
		9564814D23A12533002A8010 /* Utils */ = {
			isa = PBXGroup;
			children = (
				9564814E23A1254A002A8010 /* BannerText.swift */,
				9564815023A1263A002A8010 /* TitleText.swift */,
				9564815223A12690002A8010 /* SubtitleText.swift */,
			);
			path = Utils;
			sourceTree = "<group>";
		};
		9564817823A2477E002A8010 /* Exercise */ = {
			isa = PBXGroup;
			children = (
				9564817923A248AD002A8010 /* PutItAllTogether.swift */,
				9564817B23A260A2002A8010 /* Exercise1_TheSetup.swift */,
			);
			path = Exercise;
			sourceTree = "<group>";
		};
		9564817D23A27E81002A8010 /* Challenge */ = {
			isa = PBXGroup;
			children = (
				9564817E23A27E9F002A8010 /* Challenge.swift */,
				9564818023A28321002A8010 /* Challenge_2.swift */,
			);
			path = Challenge;
			sourceTree = "<group>";
		};
		9564818223A28898002A8010 /* AnimationTriggers */ = {
			isa = PBXGroup;
			children = (
				9564818323A288B6002A8010 /* TriggerButton.swift */,
				9564818523A37263002A8010 /* Trigger_SegmentedControl.swift */,
				9564818723A37863002A8010 /* Trigger_Slider.swift */,
			);
			path = AnimationTriggers;
			sourceTree = "<group>";
		};
/* End PBXGroup section */

/* Begin PBXNativeTarget section */
		9564812F23A123E3002A8010 /* SwiftUIAnimationSamples */ = {
			isa = PBXNativeTarget;
			buildConfigurationList = 9564814423A123E4002A8010 /* Build configuration list for PBXNativeTarget "SwiftUIAnimationSamples" */;
			buildPhases = (
				9564812C23A123E3002A8010 /* Sources */,
				9564812D23A123E3002A8010 /* Frameworks */,
				9564812E23A123E3002A8010 /* Resources */,
			);
			buildRules = (
			);
			dependencies = (
			);
			name = SwiftUIAnimationSamples;
			productName = SwiftUIAnimationSamples;
			productReference = 9564813023A123E3002A8010 /* SwiftUIAnimationSamples.app */;
			productType = "com.apple.product-type.application";
		};
/* End PBXNativeTarget section */

/* Begin PBXProject section */
		9564812823A123E3002A8010 /* Project object */ = {
			isa = PBXProject;
			attributes = {
				LastSwiftUpdateCheck = 1110;
				LastUpgradeCheck = 1110;
				ORGANIZATIONNAME = com.ri;
				TargetAttributes = {
					9564812F23A123E3002A8010 = {
						CreatedOnToolsVersion = 11.1;
					};
				};
			};
			buildConfigurationList = 9564812B23A123E3002A8010 /* Build configuration list for PBXProject "SwiftUIAnimationSamples" */;
			compatibilityVersion = "Xcode 9.3";
			developmentRegion = en;
			hasScannedForEncodings = 0;
			knownRegions = (
				en,
				Base,
			);
			mainGroup = 9564812723A123E3002A8010;
			productRefGroup = 9564813123A123E3002A8010 /* Products */;
			projectDirPath = "";
			projectRoot = "";
			targets = (
				9564812F23A123E3002A8010 /* SwiftUIAnimationSamples */,
			);
		};
/* End PBXProject section */

/* Begin PBXResourcesBuildPhase section */
		9564812E23A123E3002A8010 /* Resources */ = {
			isa = PBXResourcesBuildPhase;
			buildActionMask = 2147483647;
			files = (
				9564814023A123E4002A8010 /* LaunchScreen.storyboard in Resources */,
				9564813D23A123E4002A8010 /* Preview Assets.xcassets in Resources */,
				9564813A23A123E4002A8010 /* Assets.xcassets in Resources */,
			);
			runOnlyForDeploymentPostprocessing = 0;
		};
/* End PBXResourcesBuildPhase section */

/* Begin PBXSourcesBuildPhase section */
		9564812C23A123E3002A8010 /* Sources */ = {
			isa = PBXSourcesBuildPhase;
			buildActionMask = 2147483647;
			files = (
				9564814F23A1254A002A8010 /* BannerText.swift in Sources */,
				9564814923A12442002A8010 /* Example_NoAnimation.swift in Sources */,
				9564818123A28321002A8010 /* Challenge_2.swift in Sources */,
				9564815F23A13FAE002A8010 /* Animate_HueRotation.swift in Sources */,
				9564815723A12B84002A8010 /* CurveExamples.swift in Sources */,
				9564817523A24380002A8010 /* Animate_TextSize_ScaleEffect_Solution.swift in Sources */,
				9564816123A21DE3002A8010 /* Animated_Offset.swift in Sources */,
				9564816D23A2379B002A8010 /* Animate_ScaleEffect_Anchor.swift in Sources */,
				9564816723A227D5002A8010 /* Animate_RotationEffect_Anchor.swift in Sources */,
				9564818623A37263002A8010 /* Trigger_SegmentedControl.swift in Sources */,
				9564816B23A23620002A8010 /* Animate_Size_ScaleEffect.swift in Sources */,
				9564815523A129D3002A8010 /* Example_WithAnimation.swift in Sources */,
				9564817A23A248AD002A8010 /* PutItAllTogether.swift in Sources */,
				9564815123A1263A002A8010 /* TitleText.swift in Sources */,
				9564816F23A23A5C002A8010 /* Animate_RoundedCorners.swift in Sources */,
				9564817323A2412C002A8010 /* Animate_TextSize_ScaleEffect.swift in Sources */,
				9564818423A288B6002A8010 /* TriggerButton.swift in Sources */,
				9564816323A22042002A8010 /* Animate_Opacity.swift in Sources */,
				9564817123A23BFE002A8010 /* Animate_TextSize.swift in Sources */,
				9564816923A2344D002A8010 /* Animate_Size_Frame.swift in Sources */,
				9564813423A123E3002A8010 /* AppDelegate.swift in Sources */,
				9564815D23A13DDF002A8010 /* AnimatableProperties.swift in Sources */,
				9564815923A1340B002A8010 /* ChalengeRecreateAnimation.swift in Sources */,
				9564814C23A124C8002A8010 /* Conventions.swift in Sources */,
				9564813623A123E3002A8010 /* SceneDelegate.swift in Sources */,
				9564818823A37863002A8010 /* Trigger_Slider.swift in Sources */,
				9564815B23A13BB9002A8010 /* ChalengeREcreateAnimation_2.swift in Sources */,
				9564815323A12690002A8010 /* SubtitleText.swift in Sources */,
				9564817723A2454A002A8010 /* Animate_Trim.swift in Sources */,
				9564817F23A27E9F002A8010 /* Challenge.swift in Sources */,
				9564817C23A260A2002A8010 /* Exercise1_TheSetup.swift in Sources */,
				9564816523A22357002A8010 /* Animate_RotationEffect.swift in Sources */,
				9564813823A123E3002A8010 /* ContentView.swift in Sources */,
			);
			runOnlyForDeploymentPostprocessing = 0;
		};
/* End PBXSourcesBuildPhase section */

/* Begin PBXVariantGroup section */
		9564813E23A123E4002A8010 /* LaunchScreen.storyboard */ = {
			isa = PBXVariantGroup;
			children = (
				9564813F23A123E4002A8010 /* Base */,
			);
			name = LaunchScreen.storyboard;
			sourceTree = "<group>";
		};
/* End PBXVariantGroup section */

/* Begin XCBuildConfiguration section */
		9564814223A123E4002A8010 /* Debug */ = {
			isa = XCBuildConfiguration;
			buildSettings = {
				ALWAYS_SEARCH_USER_PATHS = NO;
				CLANG_ANALYZER_NONNULL = YES;
				CLANG_ANALYZER_NUMBER_OBJECT_CONVERSION = YES_AGGRESSIVE;
				CLANG_CXX_LANGUAGE_STANDARD = "gnu++14";
				CLANG_CXX_LIBRARY = "libc++";
				CLANG_ENABLE_MODULES = YES;
				CLANG_ENABLE_OBJC_ARC = YES;
				CLANG_ENABLE_OBJC_WEAK = YES;
				CLANG_WARN_BLOCK_CAPTURE_AUTORELEASING = YES;
				CLANG_WARN_BOOL_CONVERSION = YES;
				CLANG_WARN_COMMA = YES;
				CLANG_WARN_CONSTANT_CONVERSION = YES;
				CLANG_WARN_DEPRECATED_OBJC_IMPLEMENTATIONS = YES;
				CLANG_WARN_DIRECT_OBJC_ISA_USAGE = YES_ERROR;
				CLANG_WARN_DOCUMENTATION_COMMENTS = YES;
				CLANG_WARN_EMPTY_BODY = YES;
				CLANG_WARN_ENUM_CONVERSION = YES;
				CLANG_WARN_INFINITE_RECURSION = YES;
				CLANG_WARN_INT_CONVERSION = YES;
				CLANG_WARN_NON_LITERAL_NULL_CONVERSION = YES;
				CLANG_WARN_OBJC_IMPLICIT_RETAIN_SELF = YES;
				CLANG_WARN_OBJC_LITERAL_CONVERSION = YES;
				CLANG_WARN_OBJC_ROOT_CLASS = YES_ERROR;
				CLANG_WARN_RANGE_LOOP_ANALYSIS = YES;
				CLANG_WARN_STRICT_PROTOTYPES = YES;
				CLANG_WARN_SUSPICIOUS_MOVE = YES;
				CLANG_WARN_UNGUARDED_AVAILABILITY = YES_AGGRESSIVE;
				CLANG_WARN_UNREACHABLE_CODE = YES;
				CLANG_WARN__DUPLICATE_METHOD_MATCH = YES;
				COPY_PHASE_STRIP = NO;
				DEBUG_INFORMATION_FORMAT = dwarf;
				ENABLE_STRICT_OBJC_MSGSEND = YES;
				ENABLE_TESTABILITY = YES;
				GCC_C_LANGUAGE_STANDARD = gnu11;
				GCC_DYNAMIC_NO_PIC = NO;
				GCC_NO_COMMON_BLOCKS = YES;
				GCC_OPTIMIZATION_LEVEL = 0;
				GCC_PREPROCESSOR_DEFINITIONS = (
					"DEBUG=1",
					"$(inherited)",
				);
				GCC_WARN_64_TO_32_BIT_CONVERSION = YES;
				GCC_WARN_ABOUT_RETURN_TYPE = YES_ERROR;
				GCC_WARN_UNDECLARED_SELECTOR = YES;
				GCC_WARN_UNINITIALIZED_AUTOS = YES_AGGRESSIVE;
				GCC_WARN_UNUSED_FUNCTION = YES;
				GCC_WARN_UNUSED_VARIABLE = YES;
				IPHONEOS_DEPLOYMENT_TARGET = 13.1;
				MTL_ENABLE_DEBUG_INFO = INCLUDE_SOURCE;
				MTL_FAST_MATH = YES;
				ONLY_ACTIVE_ARCH = YES;
				SDKROOT = iphoneos;
				SWIFT_ACTIVE_COMPILATION_CONDITIONS = DEBUG;
				SWIFT_OPTIMIZATION_LEVEL = "-Onone";
			};
			name = Debug;
		};
		9564814323A123E4002A8010 /* Release */ = {
			isa = XCBuildConfiguration;
			buildSettings = {
				ALWAYS_SEARCH_USER_PATHS = NO;
				CLANG_ANALYZER_NONNULL = YES;
				CLANG_ANALYZER_NUMBER_OBJECT_CONVERSION = YES_AGGRESSIVE;
				CLANG_CXX_LANGUAGE_STANDARD = "gnu++14";
				CLANG_CXX_LIBRARY = "libc++";
				CLANG_ENABLE_MODULES = YES;
				CLANG_ENABLE_OBJC_ARC = YES;
				CLANG_ENABLE_OBJC_WEAK = YES;
				CLANG_WARN_BLOCK_CAPTURE_AUTORELEASING = YES;
				CLANG_WARN_BOOL_CONVERSION = YES;
				CLANG_WARN_COMMA = YES;
				CLANG_WARN_CONSTANT_CONVERSION = YES;
				CLANG_WARN_DEPRECATED_OBJC_IMPLEMENTATIONS = YES;
				CLANG_WARN_DIRECT_OBJC_ISA_USAGE = YES_ERROR;
				CLANG_WARN_DOCUMENTATION_COMMENTS = YES;
				CLANG_WARN_EMPTY_BODY = YES;
				CLANG_WARN_ENUM_CONVERSION = YES;
				CLANG_WARN_INFINITE_RECURSION = YES;
				CLANG_WARN_INT_CONVERSION = YES;
				CLANG_WARN_NON_LITERAL_NULL_CONVERSION = YES;
				CLANG_WARN_OBJC_IMPLICIT_RETAIN_SELF = YES;
				CLANG_WARN_OBJC_LITERAL_CONVERSION = YES;
				CLANG_WARN_OBJC_ROOT_CLASS = YES_ERROR;
				CLANG_WARN_RANGE_LOOP_ANALYSIS = YES;
				CLANG_WARN_STRICT_PROTOTYPES = YES;
				CLANG_WARN_SUSPICIOUS_MOVE = YES;
				CLANG_WARN_UNGUARDED_AVAILABILITY = YES_AGGRESSIVE;
				CLANG_WARN_UNREACHABLE_CODE = YES;
				CLANG_WARN__DUPLICATE_METHOD_MATCH = YES;
				COPY_PHASE_STRIP = NO;
				DEBUG_INFORMATION_FORMAT = "dwarf-with-dsym";
				ENABLE_NS_ASSERTIONS = NO;
				ENABLE_STRICT_OBJC_MSGSEND = YES;
				GCC_C_LANGUAGE_STANDARD = gnu11;
				GCC_NO_COMMON_BLOCKS = YES;
				GCC_WARN_64_TO_32_BIT_CONVERSION = YES;
				GCC_WARN_ABOUT_RETURN_TYPE = YES_ERROR;
				GCC_WARN_UNDECLARED_SELECTOR = YES;
				GCC_WARN_UNINITIALIZED_AUTOS = YES_AGGRESSIVE;
				GCC_WARN_UNUSED_FUNCTION = YES;
				GCC_WARN_UNUSED_VARIABLE = YES;
				IPHONEOS_DEPLOYMENT_TARGET = 13.1;
				MTL_ENABLE_DEBUG_INFO = NO;
				MTL_FAST_MATH = YES;
				SDKROOT = iphoneos;
				SWIFT_COMPILATION_MODE = wholemodule;
				SWIFT_OPTIMIZATION_LEVEL = "-O";
				VALIDATE_PRODUCT = YES;
			};
			name = Release;
		};
		9564814523A123E4002A8010 /* Debug */ = {
			isa = XCBuildConfiguration;
			buildSettings = {
				ASSETCATALOG_COMPILER_APPICON_NAME = AppIcon;
				CODE_SIGN_STYLE = Automatic;
				DEVELOPMENT_ASSET_PATHS = "\"SwiftUIAnimationSamples/Preview Content\"";
				DEVELOPMENT_TEAM = L8W86DZDY2;
				ENABLE_PREVIEWS = YES;
				INFOPLIST_FILE = SwiftUIAnimationSamples/Info.plist;
				LD_RUNPATH_SEARCH_PATHS = (
					"$(inherited)",
					"@executable_path/Frameworks",
				);
				PRODUCT_BUNDLE_IDENTIFIER = com.ri.SwiftUIAnimationSamples;
				PRODUCT_NAME = "$(TARGET_NAME)";
				SWIFT_VERSION = 5.0;
				TARGETED_DEVICE_FAMILY = "1,2";
			};
			name = Debug;
		};
		9564814623A123E4002A8010 /* Release */ = {
			isa = XCBuildConfiguration;
			buildSettings = {
				ASSETCATALOG_COMPILER_APPICON_NAME = AppIcon;
				CODE_SIGN_STYLE = Automatic;
				DEVELOPMENT_ASSET_PATHS = "\"SwiftUIAnimationSamples/Preview Content\"";
				DEVELOPMENT_TEAM = L8W86DZDY2;
				ENABLE_PREVIEWS = YES;
				INFOPLIST_FILE = SwiftUIAnimationSamples/Info.plist;
				LD_RUNPATH_SEARCH_PATHS = (
					"$(inherited)",
					"@executable_path/Frameworks",
				);
				PRODUCT_BUNDLE_IDENTIFIER = com.ri.SwiftUIAnimationSamples;
				PRODUCT_NAME = "$(TARGET_NAME)";
				SWIFT_VERSION = 5.0;
				TARGETED_DEVICE_FAMILY = "1,2";
			};
			name = Release;
		};
/* End XCBuildConfiguration section */

/* Begin XCConfigurationList section */
		9564812B23A123E3002A8010 /* Build configuration list for PBXProject "SwiftUIAnimationSamples" */ = {
			isa = XCConfigurationList;
			buildConfigurations = (
				9564814223A123E4002A8010 /* Debug */,
				9564814323A123E4002A8010 /* Release */,
			);
			defaultConfigurationIsVisible = 0;
			defaultConfigurationName = Release;
		};
		9564814423A123E4002A8010 /* Build configuration list for PBXNativeTarget "SwiftUIAnimationSamples" */ = {
			isa = XCConfigurationList;
			buildConfigurations = (
				9564814523A123E4002A8010 /* Debug */,
				9564814623A123E4002A8010 /* Release */,
			);
			defaultConfigurationIsVisible = 0;
			defaultConfigurationName = Release;
		};
/* End XCConfigurationList section */
	};
	rootObject = 9564812823A123E3002A8010 /* Project object */;
}
